
Microsoft Visual Studio Solution File, Format Version 12.00
# Visual Studio Version 17
VisualStudioVersion = 17.2.32526.322
MinimumVisualStudioVersion = 10.0.40219.1
Project("{FAE04EC0-301F-11D3-BF4B-00C04F79EFBC}") = "JASMINES, PDF RESUME CREATOR", "JASMINES, PDF RESUME CREATOR\JASMINES, PDF RESUME CREATOR.csproj", "{359F66AD-DA85-4943-9003-F12031F1A906}"
EndProject
Global
	GlobalSection(SolutionConfigurationPlatforms) = preSolution
		Debug|Any CPU = Debug|Any CPU
		Release|Any CPU = Release|Any CPU
	EndGlobalSection
	GlobalSection(ProjectConfigurationPlatforms) = postSolution
		{359F66AD-DA85-4943-9003-F12031F1A906}.Debug|Any CPU.ActiveCfg = Debug|Any CPU
		{359F66AD-DA85-4943-9003-F12031F1A906}.Debug|Any CPU.Build.0 = Debug|Any CPU
		{359F66AD-DA85-4943-9003-F12031F1A906}.Release|Any CPU.ActiveCfg = Release|Any CPU
		{359F66AD-DA85-4943-9003-F12031F1A906}.Release|Any CPU.Build.0 = Release|Any CPU
	EndGlobalSection
	GlobalSection(SolutionProperties) = preSolution
		HideSolutionNode = FALSE
	EndGlobalSection
	GlobalSection(ExtensibilityGlobals) = postSolution
		SolutionGuid = {7ACAEB6A-93D1-4FED-AB5C-92EFDEDAFDFB}
	EndGlobalSection
EndGlobal
